// !$*UTF8*$!
{
	archiveVersion = 1;
	classes = {
	};
	objectVersion = 46;
	objects = {

/* Begin PBXBuildFile section */
		4F017AB81BD9ABC000738E95 /* GasTrackerTableViewCell.swift in Sources */ = {isa = PBXBuildFile; fileRef = 4F017AB71BD9ABC000738E95 /* GasTrackerTableViewCell.swift */; };
		4F361F631BDB1DC300D380FA /* IntegerTextFieldDelegate.swift in Sources */ = {isa = PBXBuildFile; fileRef = 4F361F621BDB1DC300D380FA /* IntegerTextFieldDelegate.swift */; };
		4F361F651BDBE45200D380FA /* AddFillupExtension.swift in Sources */ = {isa = PBXBuildFile; fileRef = 4F361F641BDBE45200D380FA /* AddFillupExtension.swift */; };
		4F361F671BDBE65B00D380FA /* AddCarExtension.swift in Sources */ = {isa = PBXBuildFile; fileRef = 4F361F661BDBE65B00D380FA /* AddCarExtension.swift */; };
		4F361F691BE0A1F500D380FA /* DateViewController.swift in Sources */ = {isa = PBXBuildFile; fileRef = 4F361F681BE0A1F500D380FA /* DateViewController.swift */; };
		4F361F6D1BE2C53C00D380FA /* MPGCalculator.swift in Sources */ = {isa = PBXBuildFile; fileRef = 4F361F6C1BE2C53C00D380FA /* MPGCalculator.swift */; };
		4F4BE0521BC6210900BE23A7 /* AppDelegate.swift in Sources */ = {isa = PBXBuildFile; fileRef = 4F4BE0511BC6210900BE23A7 /* AppDelegate.swift */; };
		4F4BE0541BC6210900BE23A7 /* LoginViewController.swift in Sources */ = {isa = PBXBuildFile; fileRef = 4F4BE0531BC6210900BE23A7 /* LoginViewController.swift */; };
		4F4BE0571BC6210900BE23A7 /* Main.storyboard in Resources */ = {isa = PBXBuildFile; fileRef = 4F4BE0551BC6210900BE23A7 /* Main.storyboard */; };
		4F4BE0591BC6210900BE23A7 /* Assets.xcassets in Resources */ = {isa = PBXBuildFile; fileRef = 4F4BE0581BC6210900BE23A7 /* Assets.xcassets */; };
		4F4BE05C1BC6210900BE23A7 /* LaunchScreen.storyboard in Resources */ = {isa = PBXBuildFile; fileRef = 4F4BE05A1BC6210900BE23A7 /* LaunchScreen.storyboard */; };
		4F4BE0651BC625B000BE23A7 /* parse.swift in Sources */ = {isa = PBXBuildFile; fileRef = 4F4BE0641BC625B000BE23A7 /* parse.swift */; };
		4F4BE0691BC625F300BE23A7 /* parseConstants.swift in Sources */ = {isa = PBXBuildFile; fileRef = 4F4BE0681BC625F300BE23A7 /* parseConstants.swift */; };
		4FF7B1B91BC63907002A906A /* RegisterViewController.swift in Sources */ = {isa = PBXBuildFile; fileRef = 4FF7B1B81BC63907002A906A /* RegisterViewController.swift */; };
		4FF7B1BB1BCDA046002A906A /* GasFill.swift in Sources */ = {isa = PBXBuildFile; fileRef = 4FF7B1BA1BCDA046002A906A /* GasFill.swift */; };
		4FF7B1BD1BCDA2FF002A906A /* Car.swift in Sources */ = {isa = PBXBuildFile; fileRef = 4FF7B1BC1BCDA2FF002A906A /* Car.swift */; };
		4FF7B1BF1BCDA3EC002A906A /* CoreDataStackManager.swift in Sources */ = {isa = PBXBuildFile; fileRef = 4FF7B1BE1BCDA3EC002A906A /* CoreDataStackManager.swift */; };
		4FF7B1E51BCDAE85002A906A /* FGasTrackerModel.xcdatamodeld in Sources */ = {isa = PBXBuildFile; fileRef = 4FF7B1E31BCDAE85002A906A /* FGasTrackerModel.xcdatamodeld */; };
		4FF7B1E91BCF016A002A906A /* AddFillUpViewController.swift in Sources */ = {isa = PBXBuildFile; fileRef = 4FF7B1E81BCF016A002A906A /* AddFillUpViewController.swift */; };
		4FF7B1EB1BCF01F0002A906A /* AddCarViewController.swift in Sources */ = {isa = PBXBuildFile; fileRef = 4FF7B1EA1BCF01F0002A906A /* AddCarViewController.swift */; };
		4FF7B1ED1BCF183D002A906A /* GasTrackerViewController.swift in Sources */ = {isa = PBXBuildFile; fileRef = 4FF7B1EC1BCF183D002A906A /* GasTrackerViewController.swift */; };
/* End PBXBuildFile section */

/* Begin PBXFileReference section */
		4F017AB71BD9ABC000738E95 /* GasTrackerTableViewCell.swift */ = {isa = PBXFileReference; fileEncoding = 4; lastKnownFileType = sourcecode.swift; path = GasTrackerTableViewCell.swift; sourceTree = "<group>"; };
		4F361F621BDB1DC300D380FA /* IntegerTextFieldDelegate.swift */ = {isa = PBXFileReference; fileEncoding = 4; lastKnownFileType = sourcecode.swift; path = IntegerTextFieldDelegate.swift; sourceTree = "<group>"; };
		4F361F641BDBE45200D380FA /* AddFillupExtension.swift */ = {isa = PBXFileReference; fileEncoding = 4; lastKnownFileType = sourcecode.swift; name = AddFillupExtension.swift; path = ../AddFillupExtension.swift; sourceTree = "<group>"; };
		4F361F661BDBE65B00D380FA /* AddCarExtension.swift */ = {isa = PBXFileReference; fileEncoding = 4; lastKnownFileType = sourcecode.swift; path = AddCarExtension.swift; sourceTree = "<group>"; };
		4F361F681BE0A1F500D380FA /* DateViewController.swift */ = {isa = PBXFileReference; fileEncoding = 4; lastKnownFileType = sourcecode.swift; path = DateViewController.swift; sourceTree = "<group>"; };
		4F361F6C1BE2C53C00D380FA /* MPGCalculator.swift */ = {isa = PBXFileReference; fileEncoding = 4; lastKnownFileType = sourcecode.swift; path = MPGCalculator.swift; sourceTree = "<group>"; };
		4F4BE04E1BC6210900BE23A7 /* FGasTracker.app */ = {isa = PBXFileReference; explicitFileType = wrapper.application; includeInIndex = 0; path = FGasTracker.app; sourceTree = BUILT_PRODUCTS_DIR; };
		4F4BE0511BC6210900BE23A7 /* AppDelegate.swift */ = {isa = PBXFileReference; lastKnownFileType = sourcecode.swift; path = AppDelegate.swift; sourceTree = "<group>"; };
		4F4BE0531BC6210900BE23A7 /* LoginViewController.swift */ = {isa = PBXFileReference; lastKnownFileType = sourcecode.swift; path = LoginViewController.swift; sourceTree = "<group>"; };
		4F4BE0561BC6210900BE23A7 /* Base */ = {isa = PBXFileReference; lastKnownFileType = file.storyboard; name = Base; path = Base.lproj/Main.storyboard; sourceTree = "<group>"; };
		4F4BE0581BC6210900BE23A7 /* Assets.xcassets */ = {isa = PBXFileReference; lastKnownFileType = folder.assetcatalog; path = Assets.xcassets; sourceTree = "<group>"; };
		4F4BE05B1BC6210900BE23A7 /* Base */ = {isa = PBXFileReference; lastKnownFileType = file.storyboard; name = Base; path = Base.lproj/LaunchScreen.storyboard; sourceTree = "<group>"; };
		4F4BE05D1BC6210900BE23A7 /* Info.plist */ = {isa = PBXFileReference; lastKnownFileType = text.plist.xml; path = Info.plist; sourceTree = "<group>"; };
		4F4BE0641BC625B000BE23A7 /* parse.swift */ = {isa = PBXFileReference; fileEncoding = 4; lastKnownFileType = sourcecode.swift; path = parse.swift; sourceTree = "<group>"; };
		4F4BE0681BC625F300BE23A7 /* parseConstants.swift */ = {isa = PBXFileReference; fileEncoding = 4; lastKnownFileType = sourcecode.swift; path = parseConstants.swift; sourceTree = "<group>"; };
		4FF7B1B81BC63907002A906A /* RegisterViewController.swift */ = {isa = PBXFileReference; fileEncoding = 4; lastKnownFileType = sourcecode.swift; path = RegisterViewController.swift; sourceTree = "<group>"; };
		4FF7B1BA1BCDA046002A906A /* GasFill.swift */ = {isa = PBXFileReference; fileEncoding = 4; lastKnownFileType = sourcecode.swift; path = GasFill.swift; sourceTree = "<group>"; };
		4FF7B1BC1BCDA2FF002A906A /* Car.swift */ = {isa = PBXFileReference; fileEncoding = 4; lastKnownFileType = sourcecode.swift; path = Car.swift; sourceTree = "<group>"; };
		4FF7B1BE1BCDA3EC002A906A /* CoreDataStackManager.swift */ = {isa = PBXFileReference; fileEncoding = 4; lastKnownFileType = sourcecode.swift; name = CoreDataStackManager.swift; path = ../CoreDataStackManager.swift; sourceTree = "<group>"; };
		4FF7B1E41BCDAE85002A906A /* FGasTrackerModel.xcdatamodel */ = {isa = PBXFileReference; lastKnownFileType = wrapper.xcdatamodel; path = FGasTrackerModel.xcdatamodel; sourceTree = "<group>"; };
		4FF7B1E81BCF016A002A906A /* AddFillUpViewController.swift */ = {isa = PBXFileReference; fileEncoding = 4; lastKnownFileType = sourcecode.swift; path = AddFillUpViewController.swift; sourceTree = "<group>"; };
		4FF7B1EA1BCF01F0002A906A /* AddCarViewController.swift */ = {isa = PBXFileReference; fileEncoding = 4; lastKnownFileType = sourcecode.swift; path = AddCarViewController.swift; sourceTree = "<group>"; };
		4FF7B1EC1BCF183D002A906A /* GasTrackerViewController.swift */ = {isa = PBXFileReference; fileEncoding = 4; lastKnownFileType = sourcecode.swift; path = GasTrackerViewController.swift; sourceTree = "<group>"; };
/* End PBXFileReference section */

/* Begin PBXFrameworksBuildPhase section */
		4F4BE04B1BC6210900BE23A7 /* Frameworks */ = {
			isa = PBXFrameworksBuildPhase;
			buildActionMask = 2147483647;
			files = (
			);
			runOnlyForDeploymentPostprocessing = 0;
		};
/* End PBXFrameworksBuildPhase section */

/* Begin PBXGroup section */
		4F4BE0451BC6210900BE23A7 = {
			isa = PBXGroup;
			children = (
				4F4BE0501BC6210900BE23A7 /* FGasTracker */,
				4F4BE04F1BC6210900BE23A7 /* Products */,
			);
			sourceTree = "<group>";
		};
		4F4BE04F1BC6210900BE23A7 /* Products */ = {
			isa = PBXGroup;
			children = (
				4F4BE04E1BC6210900BE23A7 /* FGasTracker.app */,
			);
			name = Products;
			sourceTree = "<group>";
		};
		4F4BE0501BC6210900BE23A7 /* FGasTracker */ = {
			isa = PBXGroup;
			children = (
				4F4BE0631BC6257600BE23A7 /* ParseManager */,
				4F4BE0511BC6210900BE23A7 /* AppDelegate.swift */,
				4F361F621BDB1DC300D380FA /* IntegerTextFieldDelegate.swift */,
				4F361F6C1BE2C53C00D380FA /* MPGCalculator.swift */,
				4FF7B1BE1BCDA3EC002A906A /* CoreDataStackManager.swift */,
				4F4BE0531BC6210900BE23A7 /* LoginViewController.swift */,
				4FF7B1B81BC63907002A906A /* RegisterViewController.swift */,
				4FF7B1EA1BCF01F0002A906A /* AddCarViewController.swift */,
				4F361F661BDBE65B00D380FA /* AddCarExtension.swift */,
				4FF7B1E81BCF016A002A906A /* AddFillUpViewController.swift */,
				4F361F641BDBE45200D380FA /* AddFillupExtension.swift */,
				4FF7B1EC1BCF183D002A906A /* GasTrackerViewController.swift */,
				4F017AB71BD9ABC000738E95 /* GasTrackerTableViewCell.swift */,
				4F361F681BE0A1F500D380FA /* DateViewController.swift */,
				4F4BE0551BC6210900BE23A7 /* Main.storyboard */,
				4F4BE0581BC6210900BE23A7 /* Assets.xcassets */,
				4F4BE05A1BC6210900BE23A7 /* LaunchScreen.storyboard */,
				4F4BE05D1BC6210900BE23A7 /* Info.plist */,
			);
			path = FGasTracker;
			sourceTree = "<group>";
		};
		4F4BE0631BC6257600BE23A7 /* ParseManager */ = {
			isa = PBXGroup;
			children = (
				4F4BE0641BC625B000BE23A7 /* parse.swift */,
				4F4BE0681BC625F300BE23A7 /* parseConstants.swift */,
				4FF7B1BA1BCDA046002A906A /* GasFill.swift */,
				4FF7B1BC1BCDA2FF002A906A /* Car.swift */,
				4FF7B1E31BCDAE85002A906A /* FGasTrackerModel.xcdatamodeld */,
			);
			name = ParseManager;
			path = ..;
			sourceTree = "<group>";
		};
/* End PBXGroup section */

/* Begin PBXNativeTarget section */
		4F4BE04D1BC6210900BE23A7 /* FGasTracker */ = {
			isa = PBXNativeTarget;
			buildConfigurationList = 4F4BE0601BC6210900BE23A7 /* Build configuration list for PBXNativeTarget "FGasTracker" */;
			buildPhases = (
				4F4BE04A1BC6210900BE23A7 /* Sources */,
				4F4BE04B1BC6210900BE23A7 /* Frameworks */,
				4F4BE04C1BC6210900BE23A7 /* Resources */,
			);
			buildRules = (
			);
			dependencies = (
			);
			name = FGasTracker;
			productName = FGasTracker;
			productReference = 4F4BE04E1BC6210900BE23A7 /* FGasTracker.app */;
			productType = "com.apple.product-type.application";
		};
/* End PBXNativeTarget section */

/* Begin PBXProject section */
		4F4BE0461BC6210900BE23A7 /* Project object */ = {
			isa = PBXProject;
			attributes = {
				LastUpgradeCheck = 0700;
				ORGANIZATIONNAME = FurloBros;
				TargetAttributes = {
					4F4BE04D1BC6210900BE23A7 = {
						CreatedOnToolsVersion = 7.0.1;
						DevelopmentTeam = 6667NLT938;
					};
				};
			};
			buildConfigurationList = 4F4BE0491BC6210900BE23A7 /* Build configuration list for PBXProject "FGasTracker" */;
			compatibilityVersion = "Xcode 3.2";
			developmentRegion = English;
			hasScannedForEncodings = 0;
			knownRegions = (
				en,
				Base,
			);
			mainGroup = 4F4BE0451BC6210900BE23A7;
			productRefGroup = 4F4BE04F1BC6210900BE23A7 /* Products */;
			projectDirPath = "";
			projectRoot = "";
			targets = (
				4F4BE04D1BC6210900BE23A7 /* FGasTracker */,
			);
		};
/* End PBXProject section */

/* Begin PBXResourcesBuildPhase section */
		4F4BE04C1BC6210900BE23A7 /* Resources */ = {
			isa = PBXResourcesBuildPhase;
			buildActionMask = 2147483647;
			files = (
				4F4BE05C1BC6210900BE23A7 /* LaunchScreen.storyboard in Resources */,
				4F4BE0591BC6210900BE23A7 /* Assets.xcassets in Resources */,
				4F4BE0571BC6210900BE23A7 /* Main.storyboard in Resources */,
			);
			runOnlyForDeploymentPostprocessing = 0;
		};
/* End PBXResourcesBuildPhase section */

/* Begin PBXSourcesBuildPhase section */
		4F4BE04A1BC6210900BE23A7 /* Sources */ = {
			isa = PBXSourcesBuildPhase;
			buildActionMask = 2147483647;
			files = (
				4F4BE0541BC6210900BE23A7 /* LoginViewController.swift in Sources */,
				4F017AB81BD9ABC000738E95 /* GasTrackerTableViewCell.swift in Sources */,
				4FF7B1BF1BCDA3EC002A906A /* CoreDataStackManager.swift in Sources */,
				4FF7B1B91BC63907002A906A /* RegisterViewController.swift in Sources */,
				4F4BE0521BC6210900BE23A7 /* AppDelegate.swift in Sources */,
				4F4BE0651BC625B000BE23A7 /* parse.swift in Sources */,
				4FF7B1EB1BCF01F0002A906A /* AddCarViewController.swift in Sources */,
				4FF7B1BB1BCDA046002A906A /* GasFill.swift in Sources */,
				4FF7B1ED1BCF183D002A906A /* GasTrackerViewController.swift in Sources */,
				4FF7B1E91BCF016A002A906A /* AddFillUpViewController.swift in Sources */,
				4FF7B1BD1BCDA2FF002A906A /* Car.swift in Sources */,
				4F361F631BDB1DC300D380FA /* IntegerTextFieldDelegate.swift in Sources */,
				4F361F671BDBE65B00D380FA /* AddCarExtension.swift in Sources */,
				4F361F651BDBE45200D380FA /* AddFillupExtension.swift in Sources */,
				4F361F6D1BE2C53C00D380FA /* MPGCalculator.swift in Sources */,
				4FF7B1E51BCDAE85002A906A /* FGasTrackerModel.xcdatamodeld in Sources */,
				4F4BE0691BC625F300BE23A7 /* parseConstants.swift in Sources */,
				4F361F691BE0A1F500D380FA /* DateViewController.swift in Sources */,
			);
			runOnlyForDeploymentPostprocessing = 0;
		};
/* End PBXSourcesBuildPhase section */

/* Begin PBXVariantGroup section */
		4F4BE0551BC6210900BE23A7 /* Main.storyboard */ = {
			isa = PBXVariantGroup;
			children = (
				4F4BE0561BC6210900BE23A7 /* Base */,
			);
			name = Main.storyboard;
			sourceTree = "<group>";
		};
		4F4BE05A1BC6210900BE23A7 /* LaunchScreen.storyboard */ = {
			isa = PBXVariantGroup;
			children = (
				4F4BE05B1BC6210900BE23A7 /* Base */,
			);
			name = LaunchScreen.storyboard;
			sourceTree = "<group>";
		};
/* End PBXVariantGroup section */

/* Begin XCBuildConfiguration section */
		4F4BE05E1BC6210900BE23A7 /* Debug */ = {
			isa = XCBuildConfiguration;
			buildSettings = {
				ALWAYS_SEARCH_USER_PATHS = NO;
				CLANG_CXX_LANGUAGE_STANDARD = "gnu++0x";
				CLANG_CXX_LIBRARY = "libc++";
				CLANG_ENABLE_MODULES = YES;
				CLANG_ENABLE_OBJC_ARC = YES;
				CLANG_WARN_BOOL_CONVERSION = YES;
				CLANG_WARN_CONSTANT_CONVERSION = YES;
				CLANG_WARN_DIRECT_OBJC_ISA_USAGE = YES_ERROR;
				CLANG_WARN_EMPTY_BODY = YES;
				CLANG_WARN_ENUM_CONVERSION = YES;
				CLANG_WARN_INT_CONVERSION = YES;
				CLANG_WARN_OBJC_ROOT_CLASS = YES_ERROR;
				CLANG_WARN_UNREACHABLE_CODE = YES;
				CLANG_WARN__DUPLICATE_METHOD_MATCH = YES;
				"CODE_SIGN_IDENTITY[sdk=iphoneos*]" = "iPhone Developer";
				COPY_PHASE_STRIP = NO;
				DEBUG_INFORMATION_FORMAT = dwarf;
				ENABLE_STRICT_OBJC_MSGSEND = YES;
				ENABLE_TESTABILITY = YES;
				GCC_C_LANGUAGE_STANDARD = gnu99;
				GCC_DYNAMIC_NO_PIC = NO;
				GCC_NO_COMMON_BLOCKS = YES;
				GCC_OPTIMIZATION_LEVEL = 0;
				GCC_PREPROCESSOR_DEFINITIONS = (
					"DEBUG=1",
					"$(inherited)",
				);
				GCC_WARN_64_TO_32_BIT_CONVERSION = YES;
				GCC_WARN_ABOUT_RETURN_TYPE = YES_ERROR;
				GCC_WARN_UNDECLARED_SELECTOR = YES;
				GCC_WARN_UNINITIALIZED_AUTOS = YES_AGGRESSIVE;
				GCC_WARN_UNUSED_FUNCTION = YES;
				GCC_WARN_UNUSED_VARIABLE = YES;
				IPHONEOS_DEPLOYMENT_TARGET = 9.0;
				MTL_ENABLE_DEBUG_INFO = YES;
				ONLY_ACTIVE_ARCH = YES;
				SDKROOT = iphoneos;
				SWIFT_OPTIMIZATION_LEVEL = "-Onone";
			};
			name = Debug;
		};
		4F4BE05F1BC6210900BE23A7 /* Release */ = {
			isa = XCBuildConfiguration;
			buildSettings = {
				ALWAYS_SEARCH_USER_PATHS = NO;
				CLANG_CXX_LANGUAGE_STANDARD = "gnu++0x";
				CLANG_CXX_LIBRARY = "libc++";
				CLANG_ENABLE_MODULES = YES;
				CLANG_ENABLE_OBJC_ARC = YES;
				CLANG_WARN_BOOL_CONVERSION = YES;
				CLANG_WARN_CONSTANT_CONVERSION = YES;
				CLANG_WARN_DIRECT_OBJC_ISA_USAGE = YES_ERROR;
				CLANG_WARN_EMPTY_BODY = YES;
				CLANG_WARN_ENUM_CONVERSION = YES;
				CLANG_WARN_INT_CONVERSION = YES;
				CLANG_WARN_OBJC_ROOT_CLASS = YES_ERROR;
				CLANG_WARN_UNREACHABLE_CODE = YES;
				CLANG_WARN__DUPLICATE_METHOD_MATCH = YES;
				"CODE_SIGN_IDENTITY[sdk=iphoneos*]" = "iPhone Developer";
				COPY_PHASE_STRIP = NO;
				DEBUG_INFORMATION_FORMAT = "dwarf-with-dsym";
				ENABLE_NS_ASSERTIONS = NO;
				ENABLE_STRICT_OBJC_MSGSEND = YES;
				GCC_C_LANGUAGE_STANDARD = gnu99;
				GCC_NO_COMMON_BLOCKS = YES;
				GCC_WARN_64_TO_32_BIT_CONVERSION = YES;
				GCC_WARN_ABOUT_RETURN_TYPE = YES_ERROR;
				GCC_WARN_UNDECLARED_SELECTOR = YES;
				GCC_WARN_UNINITIALIZED_AUTOS = YES_AGGRESSIVE;
				GCC_WARN_UNUSED_FUNCTION = YES;
				GCC_WARN_UNUSED_VARIABLE = YES;
				IPHONEOS_DEPLOYMENT_TARGET = 9.0;
				MTL_ENABLE_DEBUG_INFO = NO;
				SDKROOT = iphoneos;
				VALIDATE_PRODUCT = YES;
			};
			name = Release;
		};
		4F4BE0611BC6210900BE23A7 /* Debug */ = {
			isa = XCBuildConfiguration;
			buildSettings = {
				ASSETCATALOG_COMPILER_APPICON_NAME = AppIcon;
				CODE_SIGN_IDENTITY = "iPhone Developer";
				"CODE_SIGN_IDENTITY[sdk=iphoneos*]" = "iPhone Developer";
				INFOPLIST_FILE = FGasTracker/Info.plist;
				LD_RUNPATH_SEARCH_PATHS = "$(inherited) @executable_path/Frameworks";
				PRODUCT_BUNDLE_IDENTIFIER = com.FurloBros.FGasTracker;
				PRODUCT_NAME = "$(TARGET_NAME)";
				PROVISIONING_PROFILE = "";
			};
			name = Debug;
		};
		4F4BE0621BC6210900BE23A7 /* Release */ = {
			isa = XCBuildConfiguration;
			buildSettings = {
				ASSETCATALOG_COMPILER_APPICON_NAME = AppIcon;
				CODE_SIGN_IDENTITY = "iPhone Developer";
				"CODE_SIGN_IDENTITY[sdk=iphoneos*]" = "iPhone Developer";
				INFOPLIST_FILE = FGasTracker/Info.plist;
				LD_RUNPATH_SEARCH_PATHS = "$(inherited) @executable_path/Frameworks";
				PRODUCT_BUNDLE_IDENTIFIER = com.FurloBros.FGasTracker;
				PRODUCT_NAME = "$(TARGET_NAME)";
				PROVISIONING_PROFILE = "";
			};
			name = Release;
		};
/* End XCBuildConfiguration section */

/* Begin XCConfigurationList section */
		4F4BE0491BC6210900BE23A7 /* Build configuration list for PBXProject "FGasTracker" */ = {
			isa = XCConfigurationList;
			buildConfigurations = (
				4F4BE05E1BC6210900BE23A7 /* Debug */,
				4F4BE05F1BC6210900BE23A7 /* Release */,
			);
			defaultConfigurationIsVisible = 0;
			defaultConfigurationName = Release;
		};
		4F4BE0601BC6210900BE23A7 /* Build configuration list for PBXNativeTarget "FGasTracker" */ = {
			isa = XCConfigurationList;
			buildConfigurations = (
				4F4BE0611BC6210900BE23A7 /* Debug */,
				4F4BE0621BC6210900BE23A7 /* Release */,
			);
			defaultConfigurationIsVisible = 0;
			defaultConfigurationName = Release;
		};
/* End XCConfigurationList section */

/* Begin XCVersionGroup section */
		4FF7B1E31BCDAE85002A906A /* FGasTrackerModel.xcdatamodeld */ = {
			isa = XCVersionGroup;
			children = (
				4FF7B1E41BCDAE85002A906A /* FGasTrackerModel.xcdatamodel */,
			);
			currentVersion = 4FF7B1E41BCDAE85002A906A /* FGasTrackerModel.xcdatamodel */;
			path = FGasTrackerModel.xcdatamodeld;
			sourceTree = "<group>";
			versionGroupType = wrapper.xcdatamodel;
		};
/* End XCVersionGroup section */
	};
	rootObject = 4F4BE0461BC6210900BE23A7 /* Project object */;
}
